
Microsoft Visual Studio Solution File, Format Version 9.00
# Visual Studio 2005
Project("{FAE04EC0-301F-11D3-BF4B-00C04F79EFBC}") = "GeneralTester", "GeneralTester\GeneralTester.csproj", "{4E9FBB31-45ED-4EF6-A827-CAE01BEA7BA4}"
	ProjectSection(WebsiteProperties) = preProject
		Debug.AspNetCompiler.Debug = "True"
		Release.AspNetCompiler.Debug = "False"
	EndProjectSection
EndProject
Project("{FAE04EC0-301F-11D3-BF4B-00C04F79EFBC}") = "Game", "Game\Game.csproj", "{78DF7BB6-75F8-4204-B3B1-FE80D1209C7E}"
	ProjectSection(WebsiteProperties) = preProject
		Debug.AspNetCompiler.Debug = "True"
		Release.AspNetCompiler.Debug = "False"
	EndProjectSection
EndProject
Global
	GlobalSection(SolutionConfigurationPlatforms) = preSolution
		Debug|Any CPU = Debug|Any CPU
		Release|Any CPU = Release|Any CPU
	EndGlobalSection
	GlobalSection(ProjectConfigurationPlatforms) = postSolution
		{4E9FBB31-45ED-4EF6-A827-CAE01BEA7BA4}.Debug|Any CPU.ActiveCfg = Debug|Any CPU
		{4E9FBB31-45ED-4EF6-A827-CAE01BEA7BA4}.Debug|Any CPU.Build.0 = Debug|Any CPU
		{4E9FBB31-45ED-4EF6-A827-CAE01BEA7BA4}.Release|Any CPU.ActiveCfg = Release|Any CPU
		{4E9FBB31-45ED-4EF6-A827-CAE01BEA7BA4}.Release|Any CPU.Build.0 = Release|Any CPU
		{78DF7BB6-75F8-4204-B3B1-FE80D1209C7E}.Debug|Any CPU.ActiveCfg = Debug|Any CPU
		{78DF7BB6-75F8-4204-B3B1-FE80D1209C7E}.Debug|Any CPU.Build.0 = Debug|Any CPU
		{78DF7BB6-75F8-4204-B3B1-FE80D1209C7E}.Release|Any CPU.ActiveCfg = Release|Any CPU
		{78DF7BB6-75F8-4204-B3B1-FE80D1209C7E}.Release|Any CPU.Build.0 = Release|Any CPU
	EndGlobalSection
	GlobalSection(SolutionProperties) = preSolution
		HideSolutionNode = FALSE
	EndGlobalSection
EndGlobal
