
Microsoft Visual Studio Solution File, Format Version 10.00
# Visual Studio 2008
Project("{FAE04EC0-301F-11D3-BF4B-00C04F79EFBC}") = "GeneralTester", "GeneralTester\GeneralTester.csproj", "{4E9FBB31-45ED-4EF6-A827-CAE01BEA7BA4}"
EndProject
Project("{FAE04EC0-301F-11D3-BF4B-00C04F79EFBC}") = "CommonModel", "CommonModel\CommonModel.csproj", "{AC139903-5638-44D4-8A17-0C94A11D33AF}"
EndProject
Project("{FAE04EC0-301F-11D3-BF4B-00C04F79EFBC}") = "TextualView", "TextualView\TextualView.csproj", "{8748B692-ECA8-44FB-A76E-3C72F550ECD6}"
EndProject
Project("{FAE04EC0-301F-11D3-BF4B-00C04F79EFBC}") = "DAL", "DAL\DAL.csproj", "{B4A3CBCF-1C62-448A-A071-D2AF9F25387B}"
EndProject
Project("{FAE04EC0-301F-11D3-BF4B-00C04F79EFBC}") = "ConsoleMainProgram", "MainProgram\ConsoleMainProgram.csproj", "{1C9055B2-8500-49E3-9332-EFC867578468}"
EndProject
Project("{FAE04EC0-301F-11D3-BF4B-00C04F79EFBC}") = "WinformsView", "WinformsView\WinformsView.csproj", "{5CF8862F-F591-4812-8440-F12D59CC902F}"
EndProject
Project("{FAE04EC0-301F-11D3-BF4B-00C04F79EFBC}") = "WinformsMainProgram", "WinformsMainProgram\WinformsMainProgram.csproj", "{D2B855D7-F3DA-4C68-B9C1-7FB17A8AA988}"
EndProject
Project("{2150E333-8FDC-42A3-9474-1A3956D46DE8}") = "MainPrograms", "MainPrograms", "{301075B7-5AA7-4003-8746-04EB4A246576}"
EndProject
Project("{2150E333-8FDC-42A3-9474-1A3956D46DE8}") = "Views", "Views", "{92CC8CE0-77B0-4C14-A6D0-206179016DA5}"
EndProject
Project("{FAE04EC0-301F-11D3-BF4B-00C04F79EFBC}") = "WPFMainProgram", "WPFMainProgram\WPFMainProgram.csproj", "{AE4949A0-C291-4C6A-9655-3496AA9819B3}"
EndProject
Project("{FAE04EC0-301F-11D3-BF4B-00C04F79EFBC}") = "WPFView", "WPFView\WPFView.csproj", "{1C46F9B8-43E1-4DDA-8132-E4D99CDDC69A}"
EndProject
Project("{2150E333-8FDC-42A3-9474-1A3956D46DE8}") = "Solution Items", "Solution Items", "{0848B6C7-B899-4245-9CC3-8A5A6E57F393}"
	ProjectSection(SolutionItems) = preProject
		WPFMainProgram\App.xaml = WPFMainProgram\App.xaml
		WPFMainProgram\App.xaml.cs = WPFMainProgram\App.xaml.cs
	EndProjectSection
EndProject
Project("{FAE04EC0-301F-11D3-BF4B-00C04F79EFBC}") = "MtaAddIn", "MtaAddIn\MtaAddIn.csproj", "{8596AC61-34CD-4671-905A-834AE1EC2A1B}"
EndProject
Project("{2150E333-8FDC-42A3-9474-1A3956D46DE8}") = "Server", "Server", "{546509F9-9705-4375-8BAB-CB414EBEAD44}"
EndProject
Project("{FAE04EC0-301F-11D3-BF4B-00C04F79EFBC}") = "HattrickGameService", "HattrickGameService\HattrickGameService.csproj", "{6DFEF929-C4B6-4BDB-A5B3-935AB4C49B3D}"
EndProject
Project("{54435603-DBB4-11D2-8724-00A0C9A8B90C}") = "SetupHattrick", "SetupHattrick\SetupHattrick.vdproj", "{141F09AC-2739-400E-889B-E1A549D54809}"
EndProject
Global
	GlobalSection(SolutionConfigurationPlatforms) = preSolution
		Debug|Any CPU = Debug|Any CPU
		Debug|x86 = Debug|x86
		Release|Any CPU = Release|Any CPU
		Release|x86 = Release|x86
	EndGlobalSection
	GlobalSection(ProjectConfigurationPlatforms) = postSolution
		{4E9FBB31-45ED-4EF6-A827-CAE01BEA7BA4}.Debug|Any CPU.ActiveCfg = Debug|Any CPU
		{4E9FBB31-45ED-4EF6-A827-CAE01BEA7BA4}.Debug|Any CPU.Build.0 = Debug|Any CPU
		{4E9FBB31-45ED-4EF6-A827-CAE01BEA7BA4}.Debug|x86.ActiveCfg = Debug|Any CPU
		{4E9FBB31-45ED-4EF6-A827-CAE01BEA7BA4}.Debug|x86.Build.0 = Debug|Any CPU
		{4E9FBB31-45ED-4EF6-A827-CAE01BEA7BA4}.Release|Any CPU.ActiveCfg = Release|Any CPU
		{4E9FBB31-45ED-4EF6-A827-CAE01BEA7BA4}.Release|Any CPU.Build.0 = Release|Any CPU
		{4E9FBB31-45ED-4EF6-A827-CAE01BEA7BA4}.Release|x86.ActiveCfg = Release|x86
		{4E9FBB31-45ED-4EF6-A827-CAE01BEA7BA4}.Release|x86.Build.0 = Release|x86
		{AC139903-5638-44D4-8A17-0C94A11D33AF}.Debug|Any CPU.ActiveCfg = Debug|x86
		{AC139903-5638-44D4-8A17-0C94A11D33AF}.Debug|Any CPU.Build.0 = Debug|x86
		{AC139903-5638-44D4-8A17-0C94A11D33AF}.Debug|x86.ActiveCfg = Debug|x86
		{AC139903-5638-44D4-8A17-0C94A11D33AF}.Debug|x86.Build.0 = Debug|x86
		{AC139903-5638-44D4-8A17-0C94A11D33AF}.Release|Any CPU.ActiveCfg = Release|Any CPU
		{AC139903-5638-44D4-8A17-0C94A11D33AF}.Release|Any CPU.Build.0 = Release|Any CPU
		{AC139903-5638-44D4-8A17-0C94A11D33AF}.Release|x86.ActiveCfg = Release|x86
		{AC139903-5638-44D4-8A17-0C94A11D33AF}.Release|x86.Build.0 = Release|x86
		{8748B692-ECA8-44FB-A76E-3C72F550ECD6}.Debug|Any CPU.ActiveCfg = Debug|Any CPU
		{8748B692-ECA8-44FB-A76E-3C72F550ECD6}.Debug|Any CPU.Build.0 = Debug|Any CPU
		{8748B692-ECA8-44FB-A76E-3C72F550ECD6}.Debug|x86.ActiveCfg = Debug|x86
		{8748B692-ECA8-44FB-A76E-3C72F550ECD6}.Debug|x86.Build.0 = Debug|x86
		{8748B692-ECA8-44FB-A76E-3C72F550ECD6}.Release|Any CPU.ActiveCfg = Release|Any CPU
		{8748B692-ECA8-44FB-A76E-3C72F550ECD6}.Release|Any CPU.Build.0 = Release|Any CPU
		{8748B692-ECA8-44FB-A76E-3C72F550ECD6}.Release|x86.ActiveCfg = Release|x86
		{8748B692-ECA8-44FB-A76E-3C72F550ECD6}.Release|x86.Build.0 = Release|x86
		{B4A3CBCF-1C62-448A-A071-D2AF9F25387B}.Debug|Any CPU.ActiveCfg = Debug|x86
		{B4A3CBCF-1C62-448A-A071-D2AF9F25387B}.Debug|Any CPU.Build.0 = Debug|x86
		{B4A3CBCF-1C62-448A-A071-D2AF9F25387B}.Debug|x86.ActiveCfg = Debug|x86
		{B4A3CBCF-1C62-448A-A071-D2AF9F25387B}.Debug|x86.Build.0 = Debug|x86
		{B4A3CBCF-1C62-448A-A071-D2AF9F25387B}.Release|Any CPU.ActiveCfg = Release|Any CPU
		{B4A3CBCF-1C62-448A-A071-D2AF9F25387B}.Release|Any CPU.Build.0 = Release|Any CPU
		{B4A3CBCF-1C62-448A-A071-D2AF9F25387B}.Release|x86.ActiveCfg = Release|x86
		{B4A3CBCF-1C62-448A-A071-D2AF9F25387B}.Release|x86.Build.0 = Release|x86
		{1C9055B2-8500-49E3-9332-EFC867578468}.Debug|Any CPU.ActiveCfg = Debug|Any CPU
		{1C9055B2-8500-49E3-9332-EFC867578468}.Debug|x86.ActiveCfg = Debug|x86
		{1C9055B2-8500-49E3-9332-EFC867578468}.Debug|x86.Build.0 = Debug|x86
		{1C9055B2-8500-49E3-9332-EFC867578468}.Release|Any CPU.ActiveCfg = Release|Any CPU
		{1C9055B2-8500-49E3-9332-EFC867578468}.Release|Any CPU.Build.0 = Release|Any CPU
		{1C9055B2-8500-49E3-9332-EFC867578468}.Release|x86.ActiveCfg = Release|x86
		{1C9055B2-8500-49E3-9332-EFC867578468}.Release|x86.Build.0 = Release|x86
		{5CF8862F-F591-4812-8440-F12D59CC902F}.Debug|Any CPU.ActiveCfg = Debug|Any CPU
		{5CF8862F-F591-4812-8440-F12D59CC902F}.Debug|Any CPU.Build.0 = Debug|Any CPU
		{5CF8862F-F591-4812-8440-F12D59CC902F}.Debug|x86.ActiveCfg = Debug|Any CPU
		{5CF8862F-F591-4812-8440-F12D59CC902F}.Release|Any CPU.ActiveCfg = Release|Any CPU
		{5CF8862F-F591-4812-8440-F12D59CC902F}.Release|Any CPU.Build.0 = Release|Any CPU
		{5CF8862F-F591-4812-8440-F12D59CC902F}.Release|x86.ActiveCfg = Release|Any CPU
		{D2B855D7-F3DA-4C68-B9C1-7FB17A8AA988}.Debug|Any CPU.ActiveCfg = Debug|Any CPU
		{D2B855D7-F3DA-4C68-B9C1-7FB17A8AA988}.Debug|Any CPU.Build.0 = Debug|Any CPU
		{D2B855D7-F3DA-4C68-B9C1-7FB17A8AA988}.Debug|x86.ActiveCfg = Debug|Any CPU
		{D2B855D7-F3DA-4C68-B9C1-7FB17A8AA988}.Release|Any CPU.ActiveCfg = Release|Any CPU
		{D2B855D7-F3DA-4C68-B9C1-7FB17A8AA988}.Release|Any CPU.Build.0 = Release|Any CPU
		{D2B855D7-F3DA-4C68-B9C1-7FB17A8AA988}.Release|x86.ActiveCfg = Release|Any CPU
		{AE4949A0-C291-4C6A-9655-3496AA9819B3}.Debug|Any CPU.ActiveCfg = Debug|Any CPU
		{AE4949A0-C291-4C6A-9655-3496AA9819B3}.Debug|x86.ActiveCfg = Debug|Any CPU
		{AE4949A0-C291-4C6A-9655-3496AA9819B3}.Release|Any CPU.ActiveCfg = Release|Any CPU
		{AE4949A0-C291-4C6A-9655-3496AA9819B3}.Release|Any CPU.Build.0 = Release|Any CPU
		{AE4949A0-C291-4C6A-9655-3496AA9819B3}.Release|x86.ActiveCfg = Release|Any CPU
		{1C46F9B8-43E1-4DDA-8132-E4D99CDDC69A}.Debug|Any CPU.ActiveCfg = Debug|Any CPU
		{1C46F9B8-43E1-4DDA-8132-E4D99CDDC69A}.Debug|x86.ActiveCfg = Debug|Any CPU
		{1C46F9B8-43E1-4DDA-8132-E4D99CDDC69A}.Release|Any CPU.ActiveCfg = Release|Any CPU
		{1C46F9B8-43E1-4DDA-8132-E4D99CDDC69A}.Release|Any CPU.Build.0 = Release|Any CPU
		{1C46F9B8-43E1-4DDA-8132-E4D99CDDC69A}.Release|x86.ActiveCfg = Release|Any CPU
		{8596AC61-34CD-4671-905A-834AE1EC2A1B}.Debug|Any CPU.ActiveCfg = Debug|Any CPU
		{8596AC61-34CD-4671-905A-834AE1EC2A1B}.Debug|x86.ActiveCfg = Debug|Any CPU
		{8596AC61-34CD-4671-905A-834AE1EC2A1B}.Release|Any CPU.ActiveCfg = Release|Any CPU
		{8596AC61-34CD-4671-905A-834AE1EC2A1B}.Release|Any CPU.Build.0 = Release|Any CPU
		{8596AC61-34CD-4671-905A-834AE1EC2A1B}.Release|x86.ActiveCfg = Release|Any CPU
		{6DFEF929-C4B6-4BDB-A5B3-935AB4C49B3D}.Debug|Any CPU.ActiveCfg = Debug|Any CPU
		{6DFEF929-C4B6-4BDB-A5B3-935AB4C49B3D}.Debug|Any CPU.Build.0 = Debug|Any CPU
		{6DFEF929-C4B6-4BDB-A5B3-935AB4C49B3D}.Debug|x86.ActiveCfg = Debug|Any CPU
		{6DFEF929-C4B6-4BDB-A5B3-935AB4C49B3D}.Release|Any CPU.ActiveCfg = Release|Any CPU
		{6DFEF929-C4B6-4BDB-A5B3-935AB4C49B3D}.Release|Any CPU.Build.0 = Release|Any CPU
		{6DFEF929-C4B6-4BDB-A5B3-935AB4C49B3D}.Release|x86.ActiveCfg = Release|Any CPU
		{141F09AC-2739-400E-889B-E1A549D54809}.Debug|Any CPU.ActiveCfg = Debug
		{141F09AC-2739-400E-889B-E1A549D54809}.Debug|x86.ActiveCfg = Debug
		{141F09AC-2739-400E-889B-E1A549D54809}.Release|Any CPU.ActiveCfg = Release
		{141F09AC-2739-400E-889B-E1A549D54809}.Release|x86.ActiveCfg = Release
	EndGlobalSection
	GlobalSection(SolutionProperties) = preSolution
		HideSolutionNode = FALSE
	EndGlobalSection
	GlobalSection(NestedProjects) = preSolution
		{5CF8862F-F591-4812-8440-F12D59CC902F} = {92CC8CE0-77B0-4C14-A6D0-206179016DA5}
		{8748B692-ECA8-44FB-A76E-3C72F550ECD6} = {92CC8CE0-77B0-4C14-A6D0-206179016DA5}
		{1C46F9B8-43E1-4DDA-8132-E4D99CDDC69A} = {92CC8CE0-77B0-4C14-A6D0-206179016DA5}
		{B4A3CBCF-1C62-448A-A071-D2AF9F25387B} = {546509F9-9705-4375-8BAB-CB414EBEAD44}
		{6DFEF929-C4B6-4BDB-A5B3-935AB4C49B3D} = {546509F9-9705-4375-8BAB-CB414EBEAD44}
		{D2B855D7-F3DA-4C68-B9C1-7FB17A8AA988} = {301075B7-5AA7-4003-8746-04EB4A246576}
		{1C9055B2-8500-49E3-9332-EFC867578468} = {301075B7-5AA7-4003-8746-04EB4A246576}
		{AE4949A0-C291-4C6A-9655-3496AA9819B3} = {301075B7-5AA7-4003-8746-04EB4A246576}
		{141F09AC-2739-400E-889B-E1A549D54809} = {301075B7-5AA7-4003-8746-04EB4A246576}
	EndGlobalSection
EndGlobal
